<?xml version="1.0" encoding="utf-8"?>
<Project ToolsVersion="4.0" xmlns="http://schemas.microsoft.com/developer/msbuild/2003">
  <ItemGroup>
    <ClInclude Include="Camera.h" />
    <ClInclude Include="Game.h" />
    <ClInclude Include="TextureManager.h" />
    <ClInclude Include="Asset.h">
      <Filter>MyECS</Filter>
    </ClInclude>
    <ClInclude Include="ComponentsManager.h">
      <Filter>MyECS</Filter>
    </ClInclude>
    <ClInclude Include="Constants.h">
      <Filter>MyECS</Filter>
    </ClInclude>
    <ClInclude Include="Entity.h">
      <Filter>MyECS</Filter>
    </ClInclude>
    <ClInclude Include="EntityManager.h">
      <Filter>MyECS</Filter>
    </ClInclude>
    <ClInclude Include="Systems.h">
      <Filter>MyECS</Filter>
    </ClInclude>
    <ClInclude Include="Utility.h">
      <Filter>MyECS</Filter>
    </ClInclude>
    <ClInclude Include="Component.h">
      <Filter>MyECS\Components</Filter>
    </ClInclude>
    <ClInclude Include="Components.h">
      <Filter>MyECS\Components</Filter>
    </ClInclude>
    <ClInclude Include="Graphic.h">
      <Filter>MyECS\Components</Filter>
    </ClInclude>
    <ClInclude Include="Physic.h">
      <Filter>MyECS\Components</Filter>
    </ClInclude>
  </ItemGroup>
  <ItemGroup>
    <ClCompile Include="Camera.cpp" />
    <ClCompile Include="Game.cpp" />
    <ClCompile Include="main.cpp" />
    <ClCompile Include="TextureManager.cpp" />
    <ClCompile Include="ComponentsManager.cpp">
      <Filter>MyECS</Filter>
    </ClCompile>
    <ClCompile Include="Entity.cpp">
      <Filter>MyECS</Filter>
    </ClCompile>
    <ClCompile Include="EntityManager.cpp">
      <Filter>MyECS</Filter>
    </ClCompile>
    <ClCompile Include="Systems.cpp">
      <Filter>MyECS</Filter>
    </ClCompile>
    <ClCompile Include="Component.cpp">
      <Filter>MyECS\Components</Filter>
    </ClCompile>
    <ClCompile Include="Graphic.cpp">
      <Filter>MyECS\Components</Filter>
    </ClCompile>
    <ClCompile Include="Physic.cpp">
      <Filter>MyECS\Components</Filter>
    </ClCompile>
  </ItemGroup>
  <ItemGroup>
    <Filter Include="MyECS">
      <UniqueIdentifier>{76429110-f0ad-4b81-b811-f0b5e8acde96}</UniqueIdentifier>
    </Filter>
    <Filter Include="MyECS\Components">
      <UniqueIdentifier>{bf8bfcb4-2622-412b-b070-414baf83ee57}</UniqueIdentifier>
    </Filter>
  </ItemGroup>
</Project>